
Microsoft Visual Studio Solution File, Format Version 12.00
# Visual Studio Version 17
VisualStudioVersion = 17.3.32922.545
MinimumVisualStudioVersion = 10.0.40219.1
Project("{FAE04EC0-301F-11D3-BF4B-00C04F79EFBC}") = "crowd-knowledge-contribution", "crowd-knowledge-contribution\crowd-knowledge-contribution.csproj", "{EB1B7868-879D-46BE-8D1A-335E267233F4}"
EndProject
Global
	GlobalSection(SolutionConfigurationPlatforms) = preSolution
		Debug|Any CPU = Debug|Any CPU
		Release|Any CPU = Release|Any CPU
	EndGlobalSection
	GlobalSection(ProjectConfigurationPlatforms) = postSolution
		{EB1B7868-879D-46BE-8D1A-335E267233F4}.Debug|Any CPU.ActiveCfg = Debug|Any CPU
		{EB1B7868-879D-46BE-8D1A-335E267233F4}.Debug|Any CPU.Build.0 = Debug|Any CPU
		{EB1B7868-879D-46BE-8D1A-335E267233F4}.Release|Any CPU.ActiveCfg = Release|Any CPU
		{EB1B7868-879D-46BE-8D1A-335E267233F4}.Release|Any CPU.Build.0 = Release|Any CPU
	EndGlobalSection
	GlobalSection(SolutionProperties) = preSolution
		HideSolutionNode = FALSE
	EndGlobalSection
	GlobalSection(ExtensibilityGlobals) = postSolution
		SolutionGuid = {A64F307B-4570-45B1-ADC0-5F766C8478AD}
	EndGlobalSection
EndGlobal
